# This file is automatically @generated by Cargo.
# It is not intended for manual editing.
[[package]]
name = "bitflags"
version = "1.2.1"
source = "registry+https://github.com/rust-lang/crates.io-index"
checksum = "cf1de2fe8c75bc145a2f577add951f8134889b4795d47466a54a5c846d691693"

[[package]]
name = "cc"
version = "1.0.53"
source = "registry+https://github.com/rust-lang/crates.io-index"
checksum = "404b1fe4f65288577753b17e3b36a04596ee784493ec249bf81c7f2d2acd751c"

[[package]]
name = "cfg-if"
version = "0.1.10"
source = "registry+https://github.com/rust-lang/crates.io-index"
checksum = "4785bdd1c96b2a846b2bd7cc02e86b6b3dbf14e7e53446c4f54c92a361040822"

[[package]]
name = "evdev-rs"
version = "0.4.0"
source = "registry+https://github.com/rust-lang/crates.io-index"
checksum = "b92abc30d5fd1e4f6440dee4d626abc68f4a9b5014dc1de575901e23c2e02321"
dependencies = [
 "bitflags",
 "evdev-sys",
 "libc",
 "log",
]

[[package]]
name = "evdev-sys"
version = "0.2.1"
source = "registry+https://github.com/rust-lang/crates.io-index"
checksum = "9c6aa4e801c7267f2f66c9efd5c4071ba8ca9d7d9de515bb09a14bbe6f639ed1"
dependencies = [
 "cc",
 "libc",
 "pkg-config",
]

[[package]]
name = "ioctl-sys"
version = "0.5.2"
source = "registry+https://github.com/rust-lang/crates.io-index"
checksum = "5e2c4b26352496eaaa8ca7cfa9bd99e93419d3f7983dc6e99c2a35fe9e33504a"

[[package]]
name = "ktrl"
version = "0.1.0"
dependencies = [
 "evdev-rs",
 "libc",
 "uinput-sys",
]

[[package]]
name = "libc"
version = "0.2.70"
source = "registry+https://github.com/rust-lang/crates.io-index"
checksum = "3baa92041a6fec78c687fa0cc2b3fae8884f743d672cf551bed1d6dac6988d0f"

[[package]]
name = "log"
version = "0.4.8"
source = "registry+https://github.com/rust-lang/crates.io-index"
checksum = "14b6052be84e6b71ab17edffc2eeabf5c2c3ae1fdb464aae35ac50c67a44e1f7"
dependencies = [
 "cfg-if",
]

[[package]]
name = "pkg-config"
version = "0.3.17"
source = "registry+https://github.com/rust-lang/crates.io-index"
checksum = "05da548ad6865900e60eaba7f589cc0783590a92e940c26953ff81ddbab2d677"

[[package]]
name = "uinput-sys"
version = "0.1.7"
source = "registry+https://github.com/rust-lang/crates.io-index"
checksum = "9aabddd8174ccadd600afeab346bb276cb1db5fafcf6a7c5c5708b8cc4b2cac7"
dependencies = [
 "ioctl-sys",
 "libc",
]
